{
  "name": "cmu-cli",
  "version": "1.0.0-beta",
  "lockfileVersion": 3,
  "requires": true,
  "packages": {
    "": {
      "name": "cmu-cli",
      "version": "1.0.0-beta",
      "dependencies": {
        "commander": "^11.0.0",
        "dotenv": "^17.4.2",
        "ethers": "^6.8.0",
        "fs-extra": "^11.1.1",
        "inquirer": "^14.0.0",
        "solc": "^0.8.21",
        "ts-node": "^10.9.2"
      },
      "bin": {
        "cmu": "dist/index.js"
      },
      "devDependencies": {
        "@types/fs-extra": "^11.0.1",
        "@types/inquirer": "^9.0.9",
        "@types/node": "^20.5.0",
        "typescript": "^5.1.6"
      }
    },
    "node_modules/@adraffy/ens-normalize": {
      "version": "1.10.1",
      "resolved": "https://registry.npmjs.org/@adraffy/ens-normalize/-/ens-normalize-1.10.1.tgz",
      "integrity": "sha512-96Z2IP3mYmF1Xg2cDm8f1gWGf/HUVedQ3FMifV4kG/PQ4yEP51xDtRAEfhVNt5f/uzpNkZHwWQuUcu6D6K+Ekw==",
      "license": "MIT"
    },
    "node_modules/@cspotcode/source-map-support": {
      "version": "0.8.1",
      "resolved": "https://registry.npmjs.org/@cspotcode/source-map-support/-/source-map-support-0.8.1.tgz",
      "integrity": "sha512-IchNf6dN4tHoMFIn/7OE8LWZ19Y6q/67Bmf6vnGREv8RSbBVb9LPJxEcnwrcwX6ixSvaiGoomAUvu4YSxXrVgw==",
      "license": "MIT",
      "dependencies": {
        "@jridgewell/trace-mapping": "0.3.9"
      },
      "engines": {
        "node": ">=12"
      }
    },
    "node_modules/@inquirer/ansi": {
      "version": "2.0.6",
      "resolved": "https://registry.npmjs.org/@inquirer/ansi/-/ansi-2.0.6.tgz",
      "integrity": "sha512-I/INw4sHGlVZ/afZOckpLiDP9SmbMl1g/GCqeHjLw1Afw/0PlRs2tRFgTGWmdI0hoNuWZn3y2iHNmG1vyECyQQ==",
      "license": "MIT",
      "engines": {
        "node": ">=23.5.0 || ^22.13.0 || ^21.7.0 || ^20.12.0"
      }
    },
    "node_modules/@inquirer/checkbox": {
      "version": "5.2.0",
      "resolved": "https://registry.npmjs.org/@inquirer/checkbox/-/checkbox-5.2.0.tgz",
      "integrity": "sha512-1HJt+3fqxblp/GQjdntSyoSHYBc0e3CzXVgjFpKA6qFLd9FHBBqwN8Co0xYH6t2JVUZrtFwZ4bBiwptkiLxyOg==",
      "license": "MIT",
      "dependencies": {
        "@inquirer/ansi": "^2.0.6",
        "@inquirer/core": "^11.2.0",
        "@inquirer/figures": "^2.0.6",
        "@inquirer/type": "^4.0.6"
      },
      "engines": {
        "node": ">=23.5.0 || ^22.13.0 || ^21.7.0 || ^20.12.0"
      },
      "peerDependencies": {
        "@types/node": ">=18"
      },
      "peerDependenciesMeta": {
        "@types/node": {
          "optional": true
        }
      }
    },
    "node_modules/@inquirer/confirm": {
      "version": "6.1.0",
      "resolved": "https://registry.npmjs.org/@inquirer/confirm/-/confirm-6.1.0.tgz",
      "integrity": "sha512-USpeB76eqK7yGricDlGAupxWlp4a59qpeZOoNWaxO/nJln7agpJveyNkQ1d5u8YXG6TOqxZtQpKPORQQDrdVsA==",
      "license": "MIT",
      "dependencies": {
        "@inquirer/core": "^11.2.0",
        "@inquirer/type": "^4.0.6"
      },
      "engines": {
        "node": ">=23.5.0 || ^22.13.0 || ^21.7.0 || ^20.12.0"
      },
      "peerDependencies": {
        "@types/node": ">=18"
      },
      "peerDependenciesMeta": {
        "@types/node": {
          "optional": true
        }
      }
    },
    "node_modules/@inquirer/core": {
      "version": "11.2.0",
      "resolved": "https://registry.npmjs.org/@inquirer/core/-/core-11.2.0.tgz",
      "integrity": "sha512-joR1YS2sI0us+9d0I8ViqFbrRLONO8CFTuyvBX4ZVBSch+VsZiugUABdrhBXXJR1VyEzvpz5SQCix3keETQ58g==",
      "license": "MIT",
      "dependencies": {
        "@inquirer/ansi": "^2.0.6",
        "@inquirer/figures": "^2.0.6",
        "@inquirer/type": "^4.0.6",
        "cli-width": "^4.1.0",
        "fast-wrap-ansi": "^0.2.0",
        "mute-stream": "^4.0.0",
        "signal-exit": "^4.1.0"
      },
      "engines": {
        "node": ">=23.5.0 || ^22.13.0 || ^21.7.0 || ^20.12.0"
      },
      "peerDependencies": {
        "@types/node": ">=18"
      },
      "peerDependenciesMeta": {
        "@types/node": {
          "optional": true
        }
      }
    },
    "node_modules/@inquirer/editor": {
      "version": "5.2.0",
      "resolved": "https://registry.npmjs.org/@inquirer/editor/-/editor-5.2.0.tgz",
      "integrity": "sha512-/m+sgRmzSdK6HDtVnl3PmI6MnZC4O+LLezedoJcrX7mINhTjjb0hlC7aEDGZXkFTB4b5uQ0q59AhYTah88KbNg==",
      "license": "MIT",
      "dependencies": {
        "@inquirer/core": "^11.2.0",
        "@inquirer/external-editor": "^3.0.1",
        "@inquirer/type": "^4.0.6"
      },
      "engines": {
        "node": ">=23.5.0 || ^22.13.0 || ^21.7.0 || ^20.12.0"
      },
      "peerDependencies": {
        "@types/node": ">=18"
      },
      "peerDependenciesMeta": {
        "@types/node": {
          "optional": true
        }
      }
    },
    "node_modules/@inquirer/expand": {
      "version": "5.1.0",
      "resolved": "https://registry.npmjs.org/@inquirer/expand/-/expand-5.1.0.tgz",
      "integrity": "sha512-fR7g4BVnIcs+4NApF6C5byflNM/EULxSxsv/2Jvg+gmop0R6eBIPvZqE6RYnTy1tQTFnf9wyHkwNoQSZbofaGA==",
      "license": "MIT",
      "dependencies": {
        "@inquirer/core": "^11.2.0",
        "@inquirer/type": "^4.0.6"
      },
      "engines": {
        "node": ">=23.5.0 || ^22.13.0 || ^21.7.0 || ^20.12.0"
      },
      "peerDependencies": {
        "@types/node": ">=18"
      },
      "peerDependenciesMeta": {
        "@types/node": {
          "optional": true
        }
      }
    },
    "node_modules/@inquirer/external-editor": {
      "version": "3.0.1",
      "resolved": "https://registry.npmjs.org/@inquirer/external-editor/-/external-editor-3.0.1.tgz",
      "integrity": "sha512-tam+Gwjsxg2sx3iUVPkAnhKT/yrk2rd2NAa7XJU/J8OYpU0ifXsnp12xlvzp/DCpWBXVv+vLQsqnpAWwUcWD5Q==",
      "license": "MIT",
      "dependencies": {
        "chardet": "^2.1.1",
        "iconv-lite": "^0.7.2"
      },
      "engines": {
        "node": ">=23.5.0 || ^22.13.0 || ^21.7.0 || ^20.12.0"
      },
      "peerDependencies": {
        "@types/node": ">=18"
      },
      "peerDependenciesMeta": {
        "@types/node": {
          "optional": true
        }
      }
    },
    "node_modules/@inquirer/figures": {
      "version": "2.0.6",
      "resolved": "https://registry.npmjs.org/@inquirer/figures/-/figures-2.0.6.tgz",
      "integrity": "sha512-dsZgQtH2t5Q6ah3aPbZbeEZAxsD9qQu0DXf01AltuEfRTm+NoLN6+rLVbr+4edeEbNCp/wBNM6mALRWtsQpfkw==",
      "license": "MIT",
      "engines": {
        "node": ">=23.5.0 || ^22.13.0 || ^21.7.0 || ^20.12.0"
      }
    },
    "node_modules/@inquirer/input": {
      "version": "5.1.0",
      "resolved": "https://registry.npmjs.org/@inquirer/input/-/input-5.1.0.tgz",
      "integrity": "sha512-sVZCz6P6e8tW5g2bSFel1oLpa6jK/u7BexFfrgTqR8syIdnHqy+iopnlSbYBZMsCK52chLjhGNBxt0eRqhsghw==",
      "license": "MIT",
      "dependencies": {
        "@inquirer/core": "^11.2.0",
        "@inquirer/type": "^4.0.6"
      },
      "engines": {
        "node": ">=23.5.0 || ^22.13.0 || ^21.7.0 || ^20.12.0"
      },
      "peerDependencies": {
        "@types/node": ">=18"
      },
      "peerDependenciesMeta": {
        "@types/node": {
          "optional": true
        }
      }
    },
    "node_modules/@inquirer/number": {
      "version": "4.1.0",
      "resolved": "https://registry.npmjs.org/@inquirer/number/-/number-4.1.0.tgz",
      "integrity": "sha512-VMXB/XejCbaSTf9Xucl7dqjzzsaGsrs6XwSYXPbGZ2QbSuq/Gz8XamhSi9ClRubNXZlGry9xVg1tKkJdTDgCtQ==",
      "license": "MIT",
      "dependencies": {
        "@inquirer/core": "^11.2.0",
        "@inquirer/type": "^4.0.6"
      },
      "engines": {
        "node": ">=23.5.0 || ^22.13.0 || ^21.7.0 || ^20.12.0"
      },
      "peerDependencies": {
        "@types/node": ">=18"
      },
      "peerDependenciesMeta": {
        "@types/node": {
          "optional": true
        }
      }
    },
    "node_modules/@inquirer/password": {
      "version": "5.1.0",
      "resolved": "https://registry.npmjs.org/@inquirer/password/-/password-5.1.0.tgz",
      "integrity": "sha512-5tqRuKCDIUxdPxTI/CuLnh914kz+WMPmURHKnZgui9gk43ebudEsdu4EwSn1CPSi5R+17YpBG+ba/YqTnRAcJA==",
      "license": "MIT",
      "dependencies": {
        "@inquirer/ansi": "^2.0.6",
        "@inquirer/core": "^11.2.0",
        "@inquirer/type": "^4.0.6"
      },
      "engines": {
        "node": ">=23.5.0 || ^22.13.0 || ^21.7.0 || ^20.12.0"
      },
      "peerDependencies": {
        "@types/node": ">=18"
      },
      "peerDependenciesMeta": {
        "@types/node": {
          "optional": true
        }
      }
    },
    "node_modules/@inquirer/prompts": {
      "version": "8.5.0",
      "resolved": "https://registry.npmjs.org/@inquirer/prompts/-/prompts-8.5.0.tgz",
      "integrity": "sha512-pLjXOnY4y3R1mgyHP3pXD/8eXejp+L/dde/0N2NLKgKfMstqhNZrpvs7Wkzbl9FYFQh10LRQ7QZwq+cz9rrhyw==",
      "license": "MIT",
      "dependencies": {
        "@inquirer/checkbox": "^5.2.0",
        "@inquirer/confirm": "^6.1.0",
        "@inquirer/editor": "^5.2.0",
        "@inquirer/expand": "^5.1.0",
        "@inquirer/input": "^5.1.0",
        "@inquirer/number": "^4.1.0",
        "@inquirer/password": "^5.1.0",
        "@inquirer/rawlist": "^5.3.0",
        "@inquirer/search": "^4.2.0",
        "@inquirer/select": "^5.2.0"
      },
      "engines": {
        "node": ">=23.5.0 || ^22.13.0 || ^21.7.0 || ^20.12.0"
      },
      "peerDependencies": {
        "@types/node": ">=18"
      },
      "peerDependenciesMeta": {
        "@types/node": {
          "optional": true
        }
      }
    },
    "node_modules/@inquirer/rawlist": {
      "version": "5.3.0",
      "resolved": "https://registry.npmjs.org/@inquirer/rawlist/-/rawlist-5.3.0.tgz",
      "integrity": "sha512-p+vAeTAD+cGXjGleP1F5LXrX2ISxNDZm+lqeBpnJausNLSZskZZkcggwhomqP8Igx9oIjnoeOrw98xvdFvdm2w==",
      "license": "MIT",
      "dependencies": {
        "@inquirer/core": "^11.2.0",
        "@inquirer/type": "^4.0.6"
      },
      "engines": {
        "node": ">=23.5.0 || ^22.13.0 || ^21.7.0 || ^20.12.0"
      },
      "peerDependencies": {
        "@types/node": ">=18"
      },
      "peerDependenciesMeta": {
        "@types/node": {
          "optional": true
        }
      }
    },
    "node_modules/@inquirer/search": {
      "version": "4.2.0",
      "resolved": "https://registry.npmjs.org/@inquirer/search/-/search-4.2.0.tgz",
      "integrity": "sha512-ByURoSGIaSl5O5Q0AmYmVmUsXbMUcBGNoA3FRL7TOyiA22IeFHymJKRkuILbOIlJwqnBk7AnPpseodyFUBzg+g==",
      "license": "MIT",
      "dependencies": {
        "@inquirer/core": "^11.2.0",
        "@inquirer/figures": "^2.0.6",
        "@inquirer/type": "^4.0.6"
      },
      "engines": {
        "node": ">=23.5.0 || ^22.13.0 || ^21.7.0 || ^20.12.0"
      },
      "peerDependencies": {
        "@types/node": ">=18"
      },
      "peerDependenciesMeta": {
        "@types/node": {
          "optional": true
        }
      }
    },
    "node_modules/@inquirer/select": {
      "version": "5.2.0",
      "resolved": "https://registry.npmjs.org/@inquirer/select/-/select-5.2.0.tgz",
      "integrity": "sha512-6IzkcmEbEXfgVbxZ2d1UyJFbCBoc6dTofulFmrYuomIp88HXiVqRbqbg4/mbfZhvnNo6xYmnYo2AEmDof6fQkg==",
      "license": "MIT",
      "dependencies": {
        "@inquirer/ansi": "^2.0.6",
        "@inquirer/core": "^11.2.0",
        "@inquirer/figures": "^2.0.6",
        "@inquirer/type": "^4.0.6"
      },
      "engines": {
        "node": ">=23.5.0 || ^22.13.0 || ^21.7.0 || ^20.12.0"
      },
      "peerDependencies": {
        "@types/node": ">=18"
      },
      "peerDependenciesMeta": {
        "@types/node": {
          "optional": true
        }
      }
    },
    "node_modules/@inquirer/type": {
      "version": "4.0.6",
      "resolved": "https://registry.npmjs.org/@inquirer/type/-/type-4.0.6.tgz",
      "integrity": "sha512-J+9tdxOskuYuGjsvGaq00AamhDgjR7anhEW2dP4QdQpFCMPngCeC/bCYWQ5NsMWZRdsy53is7kAHb/+7cwDk2g==",
      "license": "MIT",
      "engines": {
        "node": ">=23.5.0 || ^22.13.0 || ^21.7.0 || ^20.12.0"
      },
      "peerDependencies": {
        "@types/node": ">=18"
      },
      "peerDependenciesMeta": {
        "@types/node": {
          "optional": true
        }
      }
    },
    "node_modules/@jridgewell/resolve-uri": {
      "version": "3.1.2",
      "resolved": "https://registry.npmjs.org/@jridgewell/resolve-uri/-/resolve-uri-3.1.2.tgz",
      "integrity": "sha512-bRISgCIjP20/tbWSPWMEi54QVPRZExkuD9lJL+UIxUKtwVJA8wW1Trb1jMs1RFXo1CBTNZ/5hpC9QvmKWdopKw==",
      "license": "MIT",
      "engines": {
        "node": ">=6.0.0"
      }
    },
    "node_modules/@jridgewell/sourcemap-codec": {
      "version": "1.5.5",
      "resolved": "https://registry.npmjs.org/@jridgewell/sourcemap-codec/-/sourcemap-codec-1.5.5.tgz",
      "integrity": "sha512-cYQ9310grqxueWbl+WuIUIaiUaDcj7WOq5fVhEljNVgRfOUhY9fy2zTvfoqWsnebh8Sl70VScFbICvJnLKB0Og==",
      "license": "MIT"
    },
    "node_modules/@jridgewell/trace-mapping": {
      "version": "0.3.9",
      "resolved": "https://registry.npmjs.org/@jridgewell/trace-mapping/-/trace-mapping-0.3.9.tgz",
      "integrity": "sha512-3Belt6tdc8bPgAtbcmdtNJlirVoTmEb5e2gC94PnkwEW9jI6CAHUeoG85tjWP5WquqfavoMtMwiG4P926ZKKuQ==",
      "license": "MIT",
      "dependencies": {
        "@jridgewell/resolve-uri": "^3.0.3",
        "@jridgewell/sourcemap-codec": "^1.4.10"
      }
    },
    "node_modules/@noble/curves": {
      "version": "1.2.0",
      "resolved": "https://registry.npmjs.org/@noble/curves/-/curves-1.2.0.tgz",
      "integrity": "sha512-oYclrNgRaM9SsBUBVbb8M6DTV7ZHRTKugureoYEncY5c65HOmRzvSiTE3y5CYaPYJA/GVkrhXEoF0M3Ya9PMnw==",
      "license": "MIT",
      "dependencies": {
        "@noble/hashes": "1.3.2"
      },
      "funding": {
        "url": "https://paulmillr.com/funding/"
      }
    },
    "node_modules/@noble/hashes": {
      "version": "1.3.2",
      "resolved": "https://registry.npmjs.org/@noble/hashes/-/hashes-1.3.2.tgz",
      "integrity": "sha512-MVC8EAQp7MvEcm30KWENFjgR+Mkmf+D189XJTkFIlwohU5hcBbn1ZkKq7KVTi2Hme3PMGF390DaL52beVrIihQ==",
      "license": "MIT",
      "engines": {
        "node": ">= 16"
      },
      "funding": {
        "url": "https://paulmillr.com/funding/"
      }
    },
    "node_modules/@tsconfig/node10": {
      "version": "1.0.12",
      "resolved": "https://registry.npmjs.org/@tsconfig/node10/-/node10-1.0.12.tgz",
      "integrity": "sha512-UCYBaeFvM11aU2y3YPZ//O5Rhj+xKyzy7mvcIoAjASbigy8mHMryP5cK7dgjlz2hWxh1g5pLw084E0a/wlUSFQ==",
      "license": "MIT"
    },
    "node_modules/@tsconfig/node12": {
      "version": "1.0.11",
      "resolved": "https://registry.npmjs.org/@tsconfig/node12/-/node12-1.0.11.tgz",
      "integrity": "sha512-cqefuRsh12pWyGsIoBKJA9luFu3mRxCA+ORZvA4ktLSzIuCUtWVxGIuXigEwO5/ywWFMZ2QEGKWvkZG1zDMTag==",
      "license": "MIT"
    },
    "node_modules/@tsconfig/node14": {
      "version": "1.0.3",
      "resolved": "https://registry.npmjs.org/@tsconfig/node14/-/node14-1.0.3.tgz",
      "integrity": "sha512-ysT8mhdixWK6Hw3i1V2AeRqZ5WfXg1G43mqoYlM2nc6388Fq5jcXyr5mRsqViLx/GJYdoL0bfXD8nmF+Zn/Iow==",
      "license": "MIT"
    },
    "node_modules/@tsconfig/node16": {
      "version": "1.0.4",
      "resolved": "https://registry.npmjs.org/@tsconfig/node16/-/node16-1.0.4.tgz",
      "integrity": "sha512-vxhUy4J8lyeyinH7Azl1pdd43GJhZH/tP2weN8TntQblOY+A0XbT8DJk1/oCPuOOyg/Ja757rG0CgHcWC8OfMA==",
      "license": "MIT"
    },
    "node_modules/@types/fs-extra": {
      "version": "11.0.4",
      "resolved": "https://registry.npmjs.org/@types/fs-extra/-/fs-extra-11.0.4.tgz",
      "integrity": "sha512-yTbItCNreRooED33qjunPthRcSjERP1r4MqCZc7wv0u2sUkzTFp45tgUfS5+r7FrZPdmCCNflLhVSP/o+SemsQ==",
      "dev": true,
      "license": "MIT",
      "dependencies": {
        "@types/jsonfile": "*",
        "@types/node": "*"
      }
    },
    "node_modules/@types/inquirer": {
      "version": "9.0.9",
      "resolved": "https://registry.npmjs.org/@types/inquirer/-/inquirer-9.0.9.tgz",
      "integrity": "sha512-/mWx5136gts2Z2e5izdoRCo46lPp5TMs9R15GTSsgg/XnZyxDWVqoVU3R9lWnccKpqwsJLvRoxbCjoJtZB7DSw==",
      "dev": true,
      "license": "MIT",
      "dependencies": {
        "@types/through": "*",
        "rxjs": "^7.2.0"
      }
    },
    "node_modules/@types/jsonfile": {
      "version": "6.1.4",
      "resolved": "https://registry.npmjs.org/@types/jsonfile/-/jsonfile-6.1.4.tgz",
      "integrity": "sha512-D5qGUYwjvnNNextdU59/+fI+spnwtTFmyQP0h+PfIOSkNfpU6AOICUOkm4i0OnSk+NyjdPJrxCDro0sJsWlRpQ==",
      "dev": true,
      "license": "MIT",
      "dependencies": {
        "@types/node": "*"
      }
    },
    "node_modules/@types/node": {
      "version": "20.19.41",
      "resolved": "https://registry.npmjs.org/@types/node/-/node-20.19.41.tgz",
      "integrity": "sha512-ECymXOukMnOoVkC2bb1Vc/w/836DXncOg5m8Xj1RH7xSHZJWNYY6Zh7EH477vcnD5egKNNfy2RpNOmuChhFPgQ==",
      "license": "MIT",
      "dependencies": {
        "undici-types": "~6.21.0"
      }
    },
    "node_modules/@types/through": {
      "version": "0.0.33",
      "resolved": "https://registry.npmjs.org/@types/through/-/through-0.0.33.tgz",
      "integrity": "sha512-HsJ+z3QuETzP3cswwtzt2vEIiHBk/dCcHGhbmG5X3ecnwFD/lPrMpliGXxSCg03L9AhrdwA4Oz/qfspkDW+xGQ==",
      "dev": true,
      "license": "MIT",
      "dependencies": {
        "@types/node": "*"
      }
    },
    "node_modules/acorn": {
      "version": "8.16.0",
      "resolved": "https://registry.npmjs.org/acorn/-/acorn-8.16.0.tgz",
      "integrity": "sha512-UVJyE9MttOsBQIDKw1skb9nAwQuR5wuGD3+82K6JgJlm/Y+KI92oNsMNGZCYdDsVtRHSak0pcV5Dno5+4jh9sw==",
      "license": "MIT",
      "bin": {
        "acorn": "bin/acorn"
      },
      "engines": {
        "node": ">=0.4.0"
      }
    },
    "node_modules/acorn-walk": {
      "version": "8.3.5",
      "resolved": "https://registry.npmjs.org/acorn-walk/-/acorn-walk-8.3.5.tgz",
      "integrity": "sha512-HEHNfbars9v4pgpW6SO1KSPkfoS0xVOM/9UzkJltjlsHZmJasxg8aXkuZa7SMf8vKGIBhpUsPluQSqhJFCqebw==",
      "license": "MIT",
      "dependencies": {
        "acorn": "^8.11.0"
      },
      "engines": {
        "node": ">=0.4.0"
      }
    },
    "node_modules/aes-js": {
      "version": "4.0.0-beta.5",
      "resolved": "https://registry.npmjs.org/aes-js/-/aes-js-4.0.0-beta.5.tgz",
      "integrity": "sha512-G965FqalsNyrPqgEGON7nIx1e/OVENSgiEIzyC63haUMuvNnwIgIjMs52hlTCKhkBny7A2ORNlfY9Zu+jmGk1Q==",
      "license": "MIT"
    },
    "node_modules/arg": {
      "version": "4.1.3",
      "resolved": "https://registry.npmjs.org/arg/-/arg-4.1.3.tgz",
      "integrity": "sha512-58S9QDqG0Xx27YwPSt9fJxivjYl432YCwfDMfZ+71RAqUrZef7LrKQZ3LHLOwCS4FLNBplP533Zx895SeOCHvA==",
      "license": "MIT"
    },
    "node_modules/chardet": {
      "version": "2.1.1",
      "resolved": "https://registry.npmjs.org/chardet/-/chardet-2.1.1.tgz",
      "integrity": "sha512-PsezH1rqdV9VvyNhxxOW32/d75r01NY7TQCmOqomRo15ZSOKbpTFVsfjghxo6JloQUCGnH4k1LGu0R4yCLlWQQ==",
      "license": "MIT"
    },
    "node_modules/cli-width": {
      "version": "4.1.0",
      "resolved": "https://registry.npmjs.org/cli-width/-/cli-width-4.1.0.tgz",
      "integrity": "sha512-ouuZd4/dm2Sw5Gmqy6bGyNNNe1qt9RpmxveLSO7KcgsTnU7RXfsw+/bukWGo1abgBiMAic068rclZsO4IWmmxQ==",
      "license": "ISC",
      "engines": {
        "node": ">= 12"
      }
    },
    "node_modules/command-exists": {
      "version": "1.2.9",
      "resolved": "https://registry.npmjs.org/command-exists/-/command-exists-1.2.9.tgz",
      "integrity": "sha512-LTQ/SGc+s0Xc0Fu5WaKnR0YiygZkm9eKFvyS+fRsU7/ZWFF8ykFM6Pc9aCVf1+xasOOZpO3BAVgVrKvsqKHV7w==",
      "license": "MIT"
    },
    "node_modules/commander": {
      "version": "11.1.0",
      "resolved": "https://registry.npmjs.org/commander/-/commander-11.1.0.tgz",
      "integrity": "sha512-yPVavfyCcRhmorC7rWlkHn15b4wDVgVmBA7kV4QVBsF7kv/9TKJAbAXVTxvTnwP8HHKjRCJDClKbciiYS7p0DQ==",
      "license": "MIT",
      "engines": {
        "node": ">=16"
      }
    },
    "node_modules/create-require": {
      "version": "1.1.1",
      "resolved": "https://registry.npmjs.org/create-require/-/create-require-1.1.1.tgz",
      "integrity": "sha512-dcKFX3jn0MpIaXjisoRvexIJVEKzaq7z2rZKxf+MSr9TkdmHmsU4m2lcLojrj/FHl8mk5VxMmYA+ftRkP/3oKQ==",
      "license": "MIT"
    },
    "node_modules/diff": {
      "version": "4.0.4",
      "resolved": "https://registry.npmjs.org/diff/-/diff-4.0.4.tgz",
      "integrity": "sha512-X07nttJQkwkfKfvTPG/KSnE2OMdcUCao6+eXF3wmnIQRn2aPAHH3VxDbDOdegkd6JbPsXqShpvEOHfAT+nCNwQ==",
      "license": "BSD-3-Clause",
      "engines": {
        "node": ">=0.3.1"
      }
    },
    "node_modules/dotenv": {
      "version": "17.4.2",
      "resolved": "https://registry.npmjs.org/dotenv/-/dotenv-17.4.2.tgz",
      "integrity": "sha512-nI4U3TottKAcAD9LLud4Cb7b2QztQMUEfHbvhTH09bqXTxnSie8WnjPALV/WMCrJZ6UV/qHJ6L03OqO3LcdYZw==",
      "license": "BSD-2-Clause",
      "engines": {
        "node": ">=12"
      },
      "funding": {
        "url": "https://dotenvx.com"
      }
    },
    "node_modules/ethers": {
      "version": "6.16.0",
      "resolved": "https://registry.npmjs.org/ethers/-/ethers-6.16.0.tgz",
      "integrity": "sha512-U1wulmetNymijEhpSEQ7Ct/P/Jw9/e7R1j5XIbPRydgV2DjLVMsULDlNksq3RQnFgKoLlZf88ijYtWEXcPa07A==",
      "funding": [
        {
          "type": "individual",
          "url": "https://github.com/sponsors/ethers-io/"
        },
        {
          "type": "individual",
          "url": "https://www.buymeacoffee.com/ricmoo"
        }
      ],
      "license": "MIT",
      "dependencies": {
        "@adraffy/ens-normalize": "1.10.1",
        "@noble/curves": "1.2.0",
        "@noble/hashes": "1.3.2",
        "@types/node": "22.7.5",
        "aes-js": "4.0.0-beta.5",
        "tslib": "2.7.0",
        "ws": "8.17.1"
      },
      "engines": {
        "node": ">=14.0.0"
      }
    },
    "node_modules/ethers/node_modules/@types/node": {
      "version": "22.7.5",
      "resolved": "https://registry.npmjs.org/@types/node/-/node-22.7.5.tgz",
      "integrity": "sha512-jML7s2NAzMWc//QSJ1a3prpk78cOPchGvXJsC3C6R6PSMoooztvRVQEz89gmBTBY1SPMaqo5teB4uNHPdetShQ==",
      "license": "MIT",
      "dependencies": {
        "undici-types": "~6.19.2"
      }
    },
    "node_modules/ethers/node_modules/undici-types": {
      "version": "6.19.8",
      "resolved": "https://registry.npmjs.org/undici-types/-/undici-types-6.19.8.tgz",
      "integrity": "sha512-ve2KP6f/JnbPBFyobGHuerC9g1FYGn/F8n1LWTwNxCEzd6IfqTwUQcNXgEtmmQ6DlRrC1hrSrBnCZPokRrDHjw==",
      "license": "MIT"
    },
    "node_modules/fast-string-truncated-width": {
      "version": "3.0.3",
      "resolved": "https://registry.npmjs.org/fast-string-truncated-width/-/fast-string-truncated-width-3.0.3.tgz",
      "integrity": "sha512-0jjjIEL6+0jag3l2XWWizO64/aZVtpiGE3t0Zgqxv0DPuxiMjvB3M24fCyhZUO4KomJQPj3LTSUnDP3GpdwC0g==",
      "license": "MIT"
    },
    "node_modules/fast-string-width": {
      "version": "3.0.2",
      "resolved": "https://registry.npmjs.org/fast-string-width/-/fast-string-width-3.0.2.tgz",
      "integrity": "sha512-gX8LrtNEI5hq8DVUfRQMbr5lpaS4nMIWV+7XEbXk2b8kiQIizgnlr12B4dA3ZEx3308ze0O4Q1R+cHts8kyUJg==",
      "license": "MIT",
      "dependencies": {
        "fast-string-truncated-width": "^3.0.2"
      }
    },
    "node_modules/fast-wrap-ansi": {
      "version": "0.2.2",
      "resolved": "https://registry.npmjs.org/fast-wrap-ansi/-/fast-wrap-ansi-0.2.2.tgz",
      "integrity": "sha512-7F2Fl+TjRSenLqlU3UjSH0iyqopqoZIu7eZVpEirP2g1GtWa2G/ecEmBdgz31+Mxr+ELclgg6sokpSFIQiZ02Q==",
      "license": "MIT",
      "dependencies": {
        "fast-string-width": "^3.0.2"
      }
    },
    "node_modules/follow-redirects": {
      "version": "1.16.0",
      "resolved": "https://registry.npmjs.org/follow-redirects/-/follow-redirects-1.16.0.tgz",
      "integrity": "sha512-y5rN/uOsadFT/JfYwhxRS5R7Qce+g3zG97+JrtFZlC9klX/W5hD7iiLzScI4nZqUS7DNUdhPgw4xI8W2LuXlUw==",
      "funding": [
        {
          "type": "individual",
          "url": "https://github.com/sponsors/RubenVerborgh"
        }
      ],
      "license": "MIT",
      "engines": {
        "node": ">=4.0"
      },
      "peerDependenciesMeta": {
        "debug": {
          "optional": true
        }
      }
    },
    "node_modules/fs-extra": {
      "version": "11.3.5",
      "resolved": "https://registry.npmjs.org/fs-extra/-/fs-extra-11.3.5.tgz",
      "integrity": "sha512-eKpRKAovdpZtR1WopLHxlBWvAgPny3c4gX1G5Jhwmmw4XJj0ifSD5qB5TOo8hmA0wlRKDAOAhEE1yVPgs6Fgcg==",
      "license": "MIT",
      "dependencies": {
        "graceful-fs": "^4.2.0",
        "jsonfile": "^6.0.1",
        "universalify": "^2.0.0"
      },
      "engines": {
        "node": ">=14.14"
      }
    },
    "node_modules/graceful-fs": {
      "version": "4.2.11",
      "resolved": "https://registry.npmjs.org/graceful-fs/-/graceful-fs-4.2.11.tgz",
      "integrity": "sha512-RbJ5/jmFcNNCcDV5o9eTnBLJ/HszWV0P73bc+Ff4nS/rJj+YaS6IGyiOL0VoBYX+l1Wrl3k63h/KrH+nhJ0XvQ==",
      "license": "ISC"
    },
    "node_modules/iconv-lite": {
      "version": "0.7.2",
      "resolved": "https://registry.npmjs.org/iconv-lite/-/iconv-lite-0.7.2.tgz",
      "integrity": "sha512-im9DjEDQ55s9fL4EYzOAv0yMqmMBSZp6G0VvFyTMPKWxiSBHUj9NW/qqLmXUwXrrM7AvqSlTCfvqRb0cM8yYqw==",
      "license": "MIT",
      "dependencies": {
        "safer-buffer": ">= 2.1.2 < 3.0.0"
      },
      "engines": {
        "node": ">=0.10.0"
      },
      "funding": {
        "type": "opencollective",
        "url": "https://opencollective.com/express"
      }
    },
    "node_modules/inquirer": {
      "version": "14.0.0",
      "resolved": "https://registry.npmjs.org/inquirer/-/inquirer-14.0.0.tgz",
      "integrity": "sha512-W0xnGyYC4yUe36RHOPKjPqNMTCEdT56n+lIvUtaErh53wdwhAN/P+NSQT38BdewCpoBmCmbGqK470vaznfF+yg==",
      "license": "MIT",
      "dependencies": {
        "@inquirer/ansi": "^2.0.6",
        "@inquirer/core": "^11.2.0",
        "@inquirer/prompts": "^8.5.0",
        "@inquirer/type": "^4.0.6",
        "mute-stream": "^4.0.0",
        "run-async": "^4.0.6"
      },
      "engines": {
        "node": ">=23.5.0 || ^22.13.0 || ^21.7.0 || ^20.12.0"
      },
      "peerDependencies": {
        "@types/node": ">=18"
      },
      "peerDependenciesMeta": {
        "@types/node": {
          "optional": true
        }
      }
    },
    "node_modules/js-sha3": {
      "version": "0.8.0",
      "resolved": "https://registry.npmjs.org/js-sha3/-/js-sha3-0.8.0.tgz",
      "integrity": "sha512-gF1cRrHhIzNfToc802P800N8PpXS+evLLXfsVpowqmAFR9uwbi89WvXg2QspOmXL8QL86J4T1EpFu+yUkwJY3Q==",
      "license": "MIT"
    },
    "node_modules/jsonfile": {
      "version": "6.2.1",
      "resolved": "https://registry.npmjs.org/jsonfile/-/jsonfile-6.2.1.tgz",
      "integrity": "sha512-zwOTdL3rFQ/lRdBnntKVOX6k5cKJwEc1HdilT71BWEu7J41gXIB2MRp+vxduPSwZJPWBxEzv4yH1wYLJGUHX4Q==",
      "license": "MIT",
      "dependencies": {
        "universalify": "^2.0.0"
      },
      "optionalDependencies": {
        "graceful-fs": "^4.1.6"
      }
    },
    "node_modules/make-error": {
      "version": "1.3.6",
      "resolved": "https://registry.npmjs.org/make-error/-/make-error-1.3.6.tgz",
      "integrity": "sha512-s8UhlNe7vPKomQhC1qFelMokr/Sc3AgNbso3n74mVPA5LTZwkB9NlXf4XPamLxJE8h0gh73rM94xvwRT2CVInw==",
      "license": "ISC"
    },
    "node_modules/memorystream": {
      "version": "0.3.1",
      "resolved": "https://registry.npmjs.org/memorystream/-/memorystream-0.3.1.tgz",
      "integrity": "sha512-S3UwM3yj5mtUSEfP41UZmt/0SCoVYUcU1rkXv+BQ5Ig8ndL4sPoJNBUJERafdPb5jjHJGuMgytgKvKIf58XNBw==",
      "engines": {
        "node": ">= 0.10.0"
      }
    },
    "node_modules/mute-stream": {
      "version": "4.0.0",
      "resolved": "https://registry.npmjs.org/mute-stream/-/mute-stream-4.0.0.tgz",
      "integrity": "sha512-gSrprq0fJ3EiOErzjdIZrjysVVmJ4uu1QWfCDss5LypA5OXvrMje5Ym5z6V6RLyJ2eF87lasX7t6a0AnFvZblg==",
      "license": "ISC",
      "engines": {
        "node": "^22.22.2 || ^24.15.0 || >=26.0.0"
      }
    },
    "node_modules/os-tmpdir": {
      "version": "1.0.2",
      "resolved": "https://registry.npmjs.org/os-tmpdir/-/os-tmpdir-1.0.2.tgz",
      "integrity": "sha512-D2FR03Vir7FIu45XBY20mTb+/ZSWB00sjU9jdQXt83gDrI4Ztz5Fs7/yy74g2N5SVQY4xY1qDr4rNddwYRVX0g==",
      "license": "MIT",
      "engines": {
        "node": ">=0.10.0"
      }
    },
    "node_modules/run-async": {
      "version": "4.0.6",
      "resolved": "https://registry.npmjs.org/run-async/-/run-async-4.0.6.tgz",
      "integrity": "sha512-IoDlSLTs3Yq593mb3ZoKWKXMNu3UpObxhgA/Xuid5p4bbfi2jdY1Hj0m1K+0/tEuQTxIGMhQDqGjKb7RuxGpAQ==",
      "license": "MIT",
      "engines": {
        "node": ">=0.12.0"
      }
    },
    "node_modules/rxjs": {
      "version": "7.8.2",
      "resolved": "https://registry.npmjs.org/rxjs/-/rxjs-7.8.2.tgz",
      "integrity": "sha512-dhKf903U/PQZY6boNNtAGdWbG85WAbjT/1xYoZIC7FAY0yWapOBQVsVrDl58W86//e1VpMNBtRV4MaXfdMySFA==",
      "dev": true,
      "license": "Apache-2.0",
      "dependencies": {
        "tslib": "^2.1.0"
      }
    },
    "node_modules/safer-buffer": {
      "version": "2.1.2",
      "resolved": "https://registry.npmjs.org/safer-buffer/-/safer-buffer-2.1.2.tgz",
      "integrity": "sha512-YZo3K82SD7Riyi0E1EQPojLz7kpepnSQI9IyPbHHg1XXXevb5dJI7tpyN2ADxGcQbHG7vcyRHk0cbwqcQriUtg==",
      "license": "MIT"
    },
    "node_modules/semver": {
      "version": "5.7.2",
      "resolved": "https://registry.npmjs.org/semver/-/semver-5.7.2.tgz",
      "integrity": "sha512-cBznnQ9KjJqU67B52RMC65CMarK2600WFnbkcaiwWq3xy/5haFJlshgnpjovMVJ+Hff49d8GEn0b87C5pDQ10g==",
      "license": "ISC",
      "bin": {
        "semver": "bin/semver"
      }
    },
    "node_modules/signal-exit": {
      "version": "4.1.0",
      "resolved": "https://registry.npmjs.org/signal-exit/-/signal-exit-4.1.0.tgz",
      "integrity": "sha512-bzyZ1e88w9O1iNJbKnOlvYTrWPDl46O1bG0D3XInv+9tkPrxrN8jUUTiFlDkkmKWgn1M6CfIA13SuGqOa9Korw==",
      "license": "ISC",
      "engines": {
        "node": ">=14"
      },
      "funding": {
        "url": "https://github.com/sponsors/isaacs"
      }
    },
    "node_modules/solc": {
      "version": "0.8.35",
      "resolved": "https://registry.npmjs.org/solc/-/solc-0.8.35.tgz",
      "integrity": "sha512-OaP/4zyoKRo2CjqZDxbtkeRlEo6MxP4FLCxntw1Agf9OSoecmwYKoFBSB34UcSKBFBucrTh3Mb0nRoJou62ibw==",
      "license": "MIT",
      "dependencies": {
        "command-exists": "^1.2.8",
        "commander": "^8.1.0",
        "follow-redirects": "^1.12.1",
        "js-sha3": "0.8.0",
        "memorystream": "^0.3.1",
        "semver": "^5.5.0",
        "tmp": "0.0.33"
      },
      "bin": {
        "solcjs": "solc.js"
      },
      "engines": {
        "node": ">=12.0.0"
      }
    },
    "node_modules/solc/node_modules/commander": {
      "version": "8.3.0",
      "resolved": "https://registry.npmjs.org/commander/-/commander-8.3.0.tgz",
      "integrity": "sha512-OkTL9umf+He2DZkUq8f8J9of7yL6RJKI24dVITBmNfZBmri9zYZQrKkuXiKhyfPSu8tUhnVBB1iKXevvnlR4Ww==",
      "license": "MIT",
      "engines": {
        "node": ">= 12"
      }
    },
    "node_modules/tmp": {
      "version": "0.0.33",
      "resolved": "https://registry.npmjs.org/tmp/-/tmp-0.0.33.tgz",
      "integrity": "sha512-jRCJlojKnZ3addtTOjdIqoRuPEKBvNXcGYqzO6zWZX8KfKEpnGY5jfggJQ3EjKuu8D4bJRr0y+cYJFmYbImXGw==",
      "license": "MIT",
      "dependencies": {
        "os-tmpdir": "~1.0.2"
      },
      "engines": {
        "node": ">=0.6.0"
      }
    },
    "node_modules/ts-node": {
      "version": "10.9.2",
      "resolved": "https://registry.npmjs.org/ts-node/-/ts-node-10.9.2.tgz",
      "integrity": "sha512-f0FFpIdcHgn8zcPSbf1dRevwt047YMnaiJM3u2w2RewrB+fob/zePZcrOyQoLMMO7aBIddLcQIEK5dYjkLnGrQ==",
      "license": "MIT",
      "dependencies": {
        "@cspotcode/source-map-support": "^0.8.0",
        "@tsconfig/node10": "^1.0.7",
        "@tsconfig/node12": "^1.0.7",
        "@tsconfig/node14": "^1.0.0",
        "@tsconfig/node16": "^1.0.2",
        "acorn": "^8.4.1",
        "acorn-walk": "^8.1.1",
        "arg": "^4.1.0",
        "create-require": "^1.1.0",
        "diff": "^4.0.1",
        "make-error": "^1.1.1",
        "v8-compile-cache-lib": "^3.0.1",
        "yn": "3.1.1"
      },
      "bin": {
        "ts-node": "dist/bin.js",
        "ts-node-cwd": "dist/bin-cwd.js",
        "ts-node-esm": "dist/bin-esm.js",
        "ts-node-script": "dist/bin-script.js",
        "ts-node-transpile-only": "dist/bin-transpile.js",
        "ts-script": "dist/bin-script-deprecated.js"
      },
      "peerDependencies": {
        "@swc/core": ">=1.2.50",
        "@swc/wasm": ">=1.2.50",
        "@types/node": "*",
        "typescript": ">=2.7"
      },
      "peerDependenciesMeta": {
        "@swc/core": {
          "optional": true
        },
        "@swc/wasm": {
          "optional": true
        }
      }
    },
    "node_modules/tslib": {
      "version": "2.7.0",
      "resolved": "https://registry.npmjs.org/tslib/-/tslib-2.7.0.tgz",
      "integrity": "sha512-gLXCKdN1/j47AiHiOkJN69hJmcbGTHI0ImLmbYLHykhgeN0jVGola9yVjFgzCUklsZQMW55o+dW7IXv3RCXDzA==",
      "license": "0BSD"
    },
    "node_modules/typescript": {
      "version": "5.9.3",
      "resolved": "https://registry.npmjs.org/typescript/-/typescript-5.9.3.tgz",
      "integrity": "sha512-jl1vZzPDinLr9eUt3J/t7V6FgNEw9QjvBPdysz9KfQDD41fQrC2Y4vKQdiaUpFT4bXlb1RHhLpp8wtm6M5TgSw==",
      "license": "Apache-2.0",
      "bin": {
        "tsc": "bin/tsc",
        "tsserver": "bin/tsserver"
      },
      "engines": {
        "node": ">=14.17"
      }
    },
    "node_modules/undici-types": {
      "version": "6.21.0",
      "resolved": "https://registry.npmjs.org/undici-types/-/undici-types-6.21.0.tgz",
      "integrity": "sha512-iwDZqg0QAGrg9Rav5H4n0M64c3mkR59cJ6wQp+7C4nI0gsmExaedaYLNO44eT4AtBBwjbTiGPMlt2Md0T9H9JQ==",
      "license": "MIT"
    },
    "node_modules/universalify": {
      "version": "2.0.1",
      "resolved": "https://registry.npmjs.org/universalify/-/universalify-2.0.1.tgz",
      "integrity": "sha512-gptHNQghINnc/vTGIk0SOFGFNXw7JVrlRUtConJRlvaw6DuX0wO5Jeko9sWrMBhh+PsYAZ7oXAiOnf/UKogyiw==",
      "license": "MIT",
      "engines": {
        "node": ">= 10.0.0"
      }
    },
    "node_modules/v8-compile-cache-lib": {
      "version": "3.0.1",
      "resolved": "https://registry.npmjs.org/v8-compile-cache-lib/-/v8-compile-cache-lib-3.0.1.tgz",
      "integrity": "sha512-wa7YjyUGfNZngI/vtK0UHAN+lgDCxBPCylVXGp0zu59Fz5aiGtNXaq3DhIov063MorB+VfufLh3JlF2KdTK3xg==",
      "license": "MIT"
    },
    "node_modules/ws": {
      "version": "8.17.1",
      "resolved": "https://registry.npmjs.org/ws/-/ws-8.17.1.tgz",
      "integrity": "sha512-6XQFvXTkbfUOZOKKILFG1PDK2NDQs4azKQl26T0YS5CxqWLgXajbPZ+h4gZekJyRqFU8pvnbAbbs/3TgRPy+GQ==",
      "license": "MIT",
      "engines": {
        "node": ">=10.0.0"
      },
      "peerDependencies": {
        "bufferutil": "^4.0.1",
        "utf-8-validate": ">=5.0.2"
      },
      "peerDependenciesMeta": {
        "bufferutil": {
          "optional": true
        },
        "utf-8-validate": {
          "optional": true
        }
      }
    },
    "node_modules/yn": {
      "version": "3.1.1",
      "resolved": "https://registry.npmjs.org/yn/-/yn-3.1.1.tgz",
      "integrity": "sha512-Ux4ygGWsu2c7isFWe8Yu1YluJmqVhxqK2cLXNQA5AcC3QfbGNpM7fu0Y8b/z16pXLnFxZYvWhd3fhBY9DLmC6Q==",
      "license": "MIT",
      "engines": {
        "node": ">=6"
      }
    }
  }
}
